Microsoft Visual Studio Solution File, Format Version 12.00
# Visual Studio 2013
VisualStudioVersion = 12.0.30501.0
MinimumVisualStudioVersion = 10.0.40219.1
Project("{2150E333-8FDC-42A3-9474-1A3956D46DE8}") = "Solution Items", "Solution Items", "{0691ABF2-B3C7-43BF-9862-2D8D1299CE58}"
	ProjectSection(SolutionItems) = preProject
		..\go.bat = ..\go.bat
		..\MainSolutionTemplate.build = ..\MainSolutionTemplate.build
	EndProjectSection
EndProject
Project("{FAE04EC0-301F-11D3-BF4B-00C04F79EFBC}") = "MainSolutionTemplate.Console", "MainSolutionTemplate.Console\MainSolutionTemplate.Console.csproj", "{0F9C4606-7896-4839-90B9-4473D15DFAFB}"
EndProject
Project("{FAE04EC0-301F-11D3-BF4B-00C04F79EFBC}") = "MainSolutionTemplate.Core", "MainSolutionTemplate.Core\MainSolutionTemplate.Core.csproj", "{6B955EE7-2AC5-42E8-BA94-FE9EA2D49DDF}"
EndProject
Project("{2150E333-8FDC-42A3-9474-1A3956D46DE8}") = ".nuget", ".nuget", "{2A959A54-BF6F-4BF5-975E-BE3829832B87}"
	ProjectSection(SolutionItems) = preProject
		.nuget\NuGet.Config = .nuget\NuGet.Config
		.nuget\NuGet.exe = .nuget\NuGet.exe
		.nuget\NuGet.targets = .nuget\NuGet.targets
		.nuget\packages.config = .nuget\packages.config
	EndProjectSection
EndProject
Project("{FAE04EC0-301F-11D3-BF4B-00C04F79EFBC}") = "MainSolutionTemplate.Core.Tests", "MainSolutionTemplate.Core.Tests\MainSolutionTemplate.Core.Tests.csproj", "{54F0B648-DB1E-45A4-BA1B-FEB0AF16023E}"
EndProject
Project("{FAE04EC0-301F-11D3-BF4B-00C04F79EFBC}") = "MainSolutionTemplate.Console.Tests", "MainSolutionTemplate.Console.Tests\MainSolutionTemplate.Console.Tests.csproj", "{C425054B-80DF-4A15-A702-D0EEC1E65B98}"
EndProject
Project("{FAE04EC0-301F-11D3-BF4B-00C04F79EFBC}") = "MainSolutionTemplate.Api", "MainSolutionTemplate.Api\MainSolutionTemplate.Api.csproj", "{E2D671F8-B13F-4775-AE1A-EAB1DFAA3C78}"
EndProject
Project("{FAE04EC0-301F-11D3-BF4B-00C04F79EFBC}") = "MainSolutionTemplate.Api.Tests", "MainSolutionTemplate.Api.Tests\MainSolutionTemplate.Api.Tests.csproj", "{82C5647D-D8A6-46F6-9184-8AEABD51EDB6}"
EndProject
Project("{FAE04EC0-301F-11D3-BF4B-00C04F79EFBC}") = "MainSolutionTemplate.Dal.Tests", "MainSolutionTemplate.Dal.Tests\MainSolutionTemplate.Dal.Tests.csproj", "{1076F621-E398-451F-A9EF-2C379B847FB9}"
EndProject
Project("{FAE04EC0-301F-11D3-BF4B-00C04F79EFBC}") = "MainSolutionTemplate.Dal", "MainSolutionTemplate.Dal\MainSolutionTemplate.Dal.csproj", "{9A75E778-72A2-4DA0-9983-1032C90C515F}"
EndProject
Project("{FAE04EC0-301F-11D3-BF4B-00C04F79EFBC}") = "MainSolutionTemplate.Dal.Ef", "MainSolutionTemplate.Dal.Ef\MainSolutionTemplate.Dal.Ef.csproj", "{110DFF89-33B1-4189-B89F-B522A6B2B088}"
EndProject
Project("{FAE04EC0-301F-11D3-BF4B-00C04F79EFBC}") = "MainSolutionTemplate.Dal.Ef.Tests", "MainSolutionTemplate.Dal.Ef.Tests\MainSolutionTemplate.Dal.Ef.Tests.csproj", "{C99751E6-C57B-48AD-B02B-6482E21600A9}"
EndProject
Project("{2150E333-8FDC-42A3-9474-1A3956D46DE8}") = "Tests", "Tests", "{52BE2713-6BBA-4444-84FD-071746F7E980}"
EndProject
Project("{FAE04EC0-301F-11D3-BF4B-00C04F79EFBC}") = "MainSolutionTemplate.Dal.Mongo", "MainSolutionTemplate.Dal.Mongo\MainSolutionTemplate.Dal.Mongo.csproj", "{070F8D6F-737B-4503-8022-13954D52E752}"
EndProject
Project("{FAE04EC0-301F-11D3-BF4B-00C04F79EFBC}") = "MainSolutionTemplate.Dal.Mongo.Tests", "MainSolutionTemplate.Dal.Mongo.Tests\MainSolutionTemplate.Dal.Mongo.Tests.csproj", "{551CA3E7-EAD0-47CE-849C-750E3F7430ED}"
EndProject
Project("{FAE04EC0-301F-11D3-BF4B-00C04F79EFBC}") = "MainSolutionTemplate.OAuth2", "MainSolutionTemplate.OAuth2\MainSolutionTemplate.OAuth2.csproj", "{80F30C95-0E90-4622-9A8D-1BE39854900B}"
EndProject
Project("{FAE04EC0-301F-11D3-BF4B-00C04F79EFBC}") = "MainSolutionTemplate.OAuth2.Dal", "MainSolutionTemplate.OAuth2.Dal\MainSolutionTemplate.OAuth2.Dal.csproj", "{CE1598CB-ADFF-4F64-BBAD-6B16A29BAF8E}"
EndProject
Project("{2150E333-8FDC-42A3-9474-1A3956D46DE8}") = "Security", "Security", "{2CEEC39D-2A47-49FD-9962-CAF0C4E9EE66}"
EndProject
Project("{FAE04EC0-301F-11D3-BF4B-00C04F79EFBC}") = "MainSolutionTemplate.Website.Tests", "MainSolutionTemplate.Website.Tests\MainSolutionTemplate.Website.Tests.csproj", "{E1C65862-332E-4711-9F82-F21ACE089D79}"
EndProject
Project("{FAE04EC0-301F-11D3-BF4B-00C04F79EFBC}") = "MainSolutionTemplate.Website", "MainSolutionTemplate.Website\MainSolutionTemplate.Website.csproj", "{AC76572D-0057-4BA4-BD9A-A7F030EF3BC0}"
EndProject
Project("{2150E333-8FDC-42A3-9474-1A3956D46DE8}") = "Web", "Web", "{FB399BB1-FA04-4DB2-9CF1-0E23262FC884}"
EndProject
Project("{2150E333-8FDC-42A3-9474-1A3956D46DE8}") = "Database", "Database", "{55DBC650-1BB0-40BF-BFB3-7C4D43BCD2F9}"
EndProject
Project("{2150E333-8FDC-42A3-9474-1A3956D46DE8}") = "Core", "Core", "{E8CDBE03-BC0D-400F-B6D0-CA65988B6256}"
EndProject
Project("{2150E333-8FDC-42A3-9474-1A3956D46DE8}") = "Application", "Application", "{B583E872-36DB-46DD-9DE1-C6F94431051C}"
EndProject
Project("{FAE04EC0-301F-11D3-BF4B-00C04F79EFBC}") = "MainSolutionTemplate.Shared.Tests", "MainSolutionTemplate.Shared.Tests\MainSolutionTemplate.Shared.Tests.csproj", "{C6C91865-BF77-4377-A93F-B3264317C1AB}"
EndProject
Project("{FAE04EC0-301F-11D3-BF4B-00C04F79EFBC}") = "MainSolutionTemplate.Shared", "MainSolutionTemplate.Shared\MainSolutionTemplate.Shared.csproj", "{4F64894D-E45E-46D2-B448-FF6CDB52EEE2}"
EndProject
Project("{FAE04EC0-301F-11D3-BF4B-00C04F79EFBC}") = "MainSolutionTemplate.Sdk.Tests", "MainSolutionTemplate.Sdk.Tests\MainSolutionTemplate.Sdk.Tests.csproj", "{13DC6124-B669-451C-BCCB-4EDF985527BC}"
EndProject
Project("{FAE04EC0-301F-11D3-BF4B-00C04F79EFBC}") = "MainSolutionTemplate.Sdk", "MainSolutionTemplate.Sdk\MainSolutionTemplate.Sdk.csproj", "{01FB8481-2537-4C31-84FB-D402B4EAE20F}"
EndProject
Project("{FAE04EC0-301F-11D3-BF4B-00C04F79EFBC}") = "MainSolutionTemplate.Utilities.Tests", "MainSolutionTemplate.Utilities.Tests\MainSolutionTemplate.Utilities.Tests.csproj", "{F015C257-057D-4F6E-A1AB-7691A9DF8E64}"
EndProject
Project("{FAE04EC0-301F-11D3-BF4B-00C04F79EFBC}") = "MainSolutionTemplate.Utilities", "MainSolutionTemplate.Utilities\MainSolutionTemplate.Utilities.csproj", "{B5EFC032-43A4-4326-A42A-F365C763EFE8}"
EndProject
Global
	GlobalSection(SolutionConfigurationPlatforms) = preSolution
		Debug|Any CPU = Debug|Any CPU
		Qa|Any CPU = Qa|Any CPU
		Release|Any CPU = Release|Any CPU
		Staging|Any CPU = Staging|Any CPU
	EndGlobalSection
	GlobalSection(ProjectConfigurationPlatforms) = postSolution
		{0F9C4606-7896-4839-90B9-4473D15DFAFB}.Debug|Any CPU.ActiveCfg = Debug|Any CPU
		{0F9C4606-7896-4839-90B9-4473D15DFAFB}.Debug|Any CPU.Build.0 = Debug|Any CPU
		{0F9C4606-7896-4839-90B9-4473D15DFAFB}.Qa|Any CPU.ActiveCfg = Qa|Any CPU
		{0F9C4606-7896-4839-90B9-4473D15DFAFB}.Qa|Any CPU.Build.0 = Qa|Any CPU
		{0F9C4606-7896-4839-90B9-4473D15DFAFB}.Release|Any CPU.ActiveCfg = Release|Any CPU
		{0F9C4606-7896-4839-90B9-4473D15DFAFB}.Release|Any CPU.Build.0 = Release|Any CPU
		{0F9C4606-7896-4839-90B9-4473D15DFAFB}.Staging|Any CPU.ActiveCfg = Staging|Any CPU
		{0F9C4606-7896-4839-90B9-4473D15DFAFB}.Staging|Any CPU.Build.0 = Staging|Any CPU
		{6B955EE7-2AC5-42E8-BA94-FE9EA2D49DDF}.Debug|Any CPU.ActiveCfg = Debug|Any CPU
		{6B955EE7-2AC5-42E8-BA94-FE9EA2D49DDF}.Debug|Any CPU.Build.0 = Debug|Any CPU
		{6B955EE7-2AC5-42E8-BA94-FE9EA2D49DDF}.Qa|Any CPU.ActiveCfg = Qa|Any CPU
		{6B955EE7-2AC5-42E8-BA94-FE9EA2D49DDF}.Qa|Any CPU.Build.0 = Qa|Any CPU
		{6B955EE7-2AC5-42E8-BA94-FE9EA2D49DDF}.Release|Any CPU.ActiveCfg = Release|Any CPU
		{6B955EE7-2AC5-42E8-BA94-FE9EA2D49DDF}.Release|Any CPU.Build.0 = Release|Any CPU
		{6B955EE7-2AC5-42E8-BA94-FE9EA2D49DDF}.Staging|Any CPU.ActiveCfg = Staging|Any CPU
		{6B955EE7-2AC5-42E8-BA94-FE9EA2D49DDF}.Staging|Any CPU.Build.0 = Staging|Any CPU
		{54F0B648-DB1E-45A4-BA1B-FEB0AF16023E}.Debug|Any CPU.ActiveCfg = Debug|Any CPU
		{54F0B648-DB1E-45A4-BA1B-FEB0AF16023E}.Debug|Any CPU.Build.0 = Debug|Any CPU
		{54F0B648-DB1E-45A4-BA1B-FEB0AF16023E}.Qa|Any CPU.ActiveCfg = Qa|Any CPU
		{54F0B648-DB1E-45A4-BA1B-FEB0AF16023E}.Release|Any CPU.ActiveCfg = Release|Any CPU
		{54F0B648-DB1E-45A4-BA1B-FEB0AF16023E}.Staging|Any CPU.ActiveCfg = Staging|Any CPU
		{C425054B-80DF-4A15-A702-D0EEC1E65B98}.Debug|Any CPU.ActiveCfg = Debug|Any CPU
		{C425054B-80DF-4A15-A702-D0EEC1E65B98}.Debug|Any CPU.Build.0 = Debug|Any CPU
		{C425054B-80DF-4A15-A702-D0EEC1E65B98}.Qa|Any CPU.ActiveCfg = Qa|Any CPU
		{C425054B-80DF-4A15-A702-D0EEC1E65B98}.Release|Any CPU.ActiveCfg = Release|Any CPU
		{C425054B-80DF-4A15-A702-D0EEC1E65B98}.Staging|Any CPU.ActiveCfg = Staging|Any CPU
		{E2D671F8-B13F-4775-AE1A-EAB1DFAA3C78}.Debug|Any CPU.ActiveCfg = Debug|Any CPU
		{E2D671F8-B13F-4775-AE1A-EAB1DFAA3C78}.Debug|Any CPU.Build.0 = Debug|Any CPU
		{E2D671F8-B13F-4775-AE1A-EAB1DFAA3C78}.Qa|Any CPU.ActiveCfg = Qa|Any CPU
		{E2D671F8-B13F-4775-AE1A-EAB1DFAA3C78}.Qa|Any CPU.Build.0 = Qa|Any CPU
		{E2D671F8-B13F-4775-AE1A-EAB1DFAA3C78}.Release|Any CPU.ActiveCfg = Release|Any CPU
		{E2D671F8-B13F-4775-AE1A-EAB1DFAA3C78}.Release|Any CPU.Build.0 = Release|Any CPU
		{E2D671F8-B13F-4775-AE1A-EAB1DFAA3C78}.Staging|Any CPU.ActiveCfg = Staging|Any CPU
		{E2D671F8-B13F-4775-AE1A-EAB1DFAA3C78}.Staging|Any CPU.Build.0 = Staging|Any CPU
		{82C5647D-D8A6-46F6-9184-8AEABD51EDB6}.Debug|Any CPU.ActiveCfg = Debug|Any CPU
		{82C5647D-D8A6-46F6-9184-8AEABD51EDB6}.Debug|Any CPU.Build.0 = Debug|Any CPU
		{82C5647D-D8A6-46F6-9184-8AEABD51EDB6}.Qa|Any CPU.ActiveCfg = Qa|Any CPU
		{82C5647D-D8A6-46F6-9184-8AEABD51EDB6}.Release|Any CPU.ActiveCfg = Release|Any CPU
		{82C5647D-D8A6-46F6-9184-8AEABD51EDB6}.Staging|Any CPU.ActiveCfg = Staging|Any CPU
		{1076F621-E398-451F-A9EF-2C379B847FB9}.Debug|Any CPU.ActiveCfg = Debug|Any CPU
		{1076F621-E398-451F-A9EF-2C379B847FB9}.Debug|Any CPU.Build.0 = Debug|Any CPU
		{1076F621-E398-451F-A9EF-2C379B847FB9}.Qa|Any CPU.ActiveCfg = Qa|Any CPU
		{1076F621-E398-451F-A9EF-2C379B847FB9}.Release|Any CPU.ActiveCfg = Release|Any CPU
		{1076F621-E398-451F-A9EF-2C379B847FB9}.Staging|Any CPU.ActiveCfg = Staging|Any CPU
		{1076F621-E398-451F-A9EF-2C379B847FB9}.Staging|Any CPU.Build.0 = Staging|Any CPU
		{9A75E778-72A2-4DA0-9983-1032C90C515F}.Debug|Any CPU.ActiveCfg = Debug|Any CPU
		{9A75E778-72A2-4DA0-9983-1032C90C515F}.Debug|Any CPU.Build.0 = Debug|Any CPU
		{9A75E778-72A2-4DA0-9983-1032C90C515F}.Qa|Any CPU.ActiveCfg = Qa|Any CPU
		{9A75E778-72A2-4DA0-9983-1032C90C515F}.Qa|Any CPU.Build.0 = Qa|Any CPU
		{9A75E778-72A2-4DA0-9983-1032C90C515F}.Release|Any CPU.ActiveCfg = Release|Any CPU
		{9A75E778-72A2-4DA0-9983-1032C90C515F}.Release|Any CPU.Build.0 = Release|Any CPU
		{9A75E778-72A2-4DA0-9983-1032C90C515F}.Staging|Any CPU.ActiveCfg = Staging|Any CPU
		{9A75E778-72A2-4DA0-9983-1032C90C515F}.Staging|Any CPU.Build.0 = Staging|Any CPU
		{110DFF89-33B1-4189-B89F-B522A6B2B088}.Debug|Any CPU.ActiveCfg = Debug|Any CPU
		{110DFF89-33B1-4189-B89F-B522A6B2B088}.Debug|Any CPU.Build.0 = Debug|Any CPU
		{110DFF89-33B1-4189-B89F-B522A6B2B088}.Qa|Any CPU.ActiveCfg = Qa|Any CPU
		{110DFF89-33B1-4189-B89F-B522A6B2B088}.Qa|Any CPU.Build.0 = Qa|Any CPU
		{110DFF89-33B1-4189-B89F-B522A6B2B088}.Release|Any CPU.ActiveCfg = Release|Any CPU
		{110DFF89-33B1-4189-B89F-B522A6B2B088}.Release|Any CPU.Build.0 = Release|Any CPU
		{110DFF89-33B1-4189-B89F-B522A6B2B088}.Staging|Any CPU.ActiveCfg = Staging|Any CPU
		{110DFF89-33B1-4189-B89F-B522A6B2B088}.Staging|Any CPU.Build.0 = Staging|Any CPU
		{C99751E6-C57B-48AD-B02B-6482E21600A9}.Debug|Any CPU.ActiveCfg = Debug|Any CPU
		{C99751E6-C57B-48AD-B02B-6482E21600A9}.Debug|Any CPU.Build.0 = Debug|Any CPU
		{C99751E6-C57B-48AD-B02B-6482E21600A9}.Qa|Any CPU.ActiveCfg = Qa|Any CPU
		{C99751E6-C57B-48AD-B02B-6482E21600A9}.Release|Any CPU.ActiveCfg = Release|Any CPU
		{C99751E6-C57B-48AD-B02B-6482E21600A9}.Staging|Any CPU.ActiveCfg = Staging|Any CPU
		{070F8D6F-737B-4503-8022-13954D52E752}.Debug|Any CPU.ActiveCfg = Debug|Any CPU
		{070F8D6F-737B-4503-8022-13954D52E752}.Debug|Any CPU.Build.0 = Debug|Any CPU
		{070F8D6F-737B-4503-8022-13954D52E752}.Qa|Any CPU.ActiveCfg = Qa|Any CPU
		{070F8D6F-737B-4503-8022-13954D52E752}.Qa|Any CPU.Build.0 = Qa|Any CPU
		{070F8D6F-737B-4503-8022-13954D52E752}.Release|Any CPU.ActiveCfg = Release|Any CPU
		{070F8D6F-737B-4503-8022-13954D52E752}.Release|Any CPU.Build.0 = Release|Any CPU
		{070F8D6F-737B-4503-8022-13954D52E752}.Staging|Any CPU.ActiveCfg = Staging|Any CPU
		{070F8D6F-737B-4503-8022-13954D52E752}.Staging|Any CPU.Build.0 = Staging|Any CPU
		{551CA3E7-EAD0-47CE-849C-750E3F7430ED}.Debug|Any CPU.ActiveCfg = Debug|Any CPU
		{551CA3E7-EAD0-47CE-849C-750E3F7430ED}.Debug|Any CPU.Build.0 = Debug|Any CPU
		{551CA3E7-EAD0-47CE-849C-750E3F7430ED}.Qa|Any CPU.ActiveCfg = Qa|Any CPU
		{551CA3E7-EAD0-47CE-849C-750E3F7430ED}.Release|Any CPU.ActiveCfg = Release|Any CPU
		{551CA3E7-EAD0-47CE-849C-750E3F7430ED}.Staging|Any CPU.ActiveCfg = Staging|Any CPU
		{80F30C95-0E90-4622-9A8D-1BE39854900B}.Debug|Any CPU.ActiveCfg = Debug|Any CPU
		{80F30C95-0E90-4622-9A8D-1BE39854900B}.Debug|Any CPU.Build.0 = Debug|Any CPU
		{80F30C95-0E90-4622-9A8D-1BE39854900B}.Qa|Any CPU.ActiveCfg = Qa|Any CPU
		{80F30C95-0E90-4622-9A8D-1BE39854900B}.Qa|Any CPU.Build.0 = Qa|Any CPU
		{80F30C95-0E90-4622-9A8D-1BE39854900B}.Release|Any CPU.ActiveCfg = Release|Any CPU
		{80F30C95-0E90-4622-9A8D-1BE39854900B}.Release|Any CPU.Build.0 = Release|Any CPU
		{80F30C95-0E90-4622-9A8D-1BE39854900B}.Staging|Any CPU.ActiveCfg = Staging|Any CPU
		{80F30C95-0E90-4622-9A8D-1BE39854900B}.Staging|Any CPU.Build.0 = Staging|Any CPU
		{CE1598CB-ADFF-4F64-BBAD-6B16A29BAF8E}.Debug|Any CPU.ActiveCfg = Debug|Any CPU
		{CE1598CB-ADFF-4F64-BBAD-6B16A29BAF8E}.Debug|Any CPU.Build.0 = Debug|Any CPU
		{CE1598CB-ADFF-4F64-BBAD-6B16A29BAF8E}.Qa|Any CPU.ActiveCfg = Qa|Any CPU
		{CE1598CB-ADFF-4F64-BBAD-6B16A29BAF8E}.Qa|Any CPU.Build.0 = Qa|Any CPU
		{CE1598CB-ADFF-4F64-BBAD-6B16A29BAF8E}.Release|Any CPU.ActiveCfg = Release|Any CPU
		{CE1598CB-ADFF-4F64-BBAD-6B16A29BAF8E}.Release|Any CPU.Build.0 = Release|Any CPU
		{CE1598CB-ADFF-4F64-BBAD-6B16A29BAF8E}.Staging|Any CPU.ActiveCfg = Staging|Any CPU
		{E1C65862-332E-4711-9F82-F21ACE089D79}.Debug|Any CPU.ActiveCfg = Debug|Any CPU
		{E1C65862-332E-4711-9F82-F21ACE089D79}.Debug|Any CPU.Build.0 = Debug|Any CPU
		{E1C65862-332E-4711-9F82-F21ACE089D79}.Qa|Any CPU.ActiveCfg = Qa|Any CPU
		{E1C65862-332E-4711-9F82-F21ACE089D79}.Release|Any CPU.ActiveCfg = Release|Any CPU
		{E1C65862-332E-4711-9F82-F21ACE089D79}.Staging|Any CPU.ActiveCfg = Staging|Any CPU
		{E1C65862-332E-4711-9F82-F21ACE089D79}.Staging|Any CPU.Build.0 = Staging|Any CPU
		{AC76572D-0057-4BA4-BD9A-A7F030EF3BC0}.Debug|Any CPU.ActiveCfg = Debug|Any CPU
		{AC76572D-0057-4BA4-BD9A-A7F030EF3BC0}.Debug|Any CPU.Build.0 = Debug|Any CPU
		{AC76572D-0057-4BA4-BD9A-A7F030EF3BC0}.Qa|Any CPU.ActiveCfg = Qa|Any CPU
		{AC76572D-0057-4BA4-BD9A-A7F030EF3BC0}.Qa|Any CPU.Build.0 = Qa|Any CPU
		{AC76572D-0057-4BA4-BD9A-A7F030EF3BC0}.Release|Any CPU.ActiveCfg = Release|Any CPU
		{AC76572D-0057-4BA4-BD9A-A7F030EF3BC0}.Release|Any CPU.Build.0 = Release|Any CPU
		{AC76572D-0057-4BA4-BD9A-A7F030EF3BC0}.Staging|Any CPU.ActiveCfg = Staging|Any CPU
		{AC76572D-0057-4BA4-BD9A-A7F030EF3BC0}.Staging|Any CPU.Build.0 = Staging|Any CPU
		{C6C91865-BF77-4377-A93F-B3264317C1AB}.Debug|Any CPU.ActiveCfg = Debug|Any CPU
		{C6C91865-BF77-4377-A93F-B3264317C1AB}.Debug|Any CPU.Build.0 = Debug|Any CPU
		{C6C91865-BF77-4377-A93F-B3264317C1AB}.Qa|Any CPU.ActiveCfg = Release|Any CPU
		{C6C91865-BF77-4377-A93F-B3264317C1AB}.Qa|Any CPU.Build.0 = Release|Any CPU
		{C6C91865-BF77-4377-A93F-B3264317C1AB}.Release|Any CPU.ActiveCfg = Release|Any CPU
		{C6C91865-BF77-4377-A93F-B3264317C1AB}.Release|Any CPU.Build.0 = Release|Any CPU
		{C6C91865-BF77-4377-A93F-B3264317C1AB}.Staging|Any CPU.ActiveCfg = Release|Any CPU
		{C6C91865-BF77-4377-A93F-B3264317C1AB}.Staging|Any CPU.Build.0 = Release|Any CPU
		{4F64894D-E45E-46D2-B448-FF6CDB52EEE2}.Debug|Any CPU.ActiveCfg = Debug|Any CPU
		{4F64894D-E45E-46D2-B448-FF6CDB52EEE2}.Debug|Any CPU.Build.0 = Debug|Any CPU
		{4F64894D-E45E-46D2-B448-FF6CDB52EEE2}.Qa|Any CPU.ActiveCfg = Release|Any CPU
		{4F64894D-E45E-46D2-B448-FF6CDB52EEE2}.Qa|Any CPU.Build.0 = Release|Any CPU
		{4F64894D-E45E-46D2-B448-FF6CDB52EEE2}.Release|Any CPU.ActiveCfg = Release|Any CPU
		{4F64894D-E45E-46D2-B448-FF6CDB52EEE2}.Release|Any CPU.Build.0 = Release|Any CPU
		{4F64894D-E45E-46D2-B448-FF6CDB52EEE2}.Staging|Any CPU.ActiveCfg = Release|Any CPU
		{4F64894D-E45E-46D2-B448-FF6CDB52EEE2}.Staging|Any CPU.Build.0 = Release|Any CPU
		{13DC6124-B669-451C-BCCB-4EDF985527BC}.Debug|Any CPU.ActiveCfg = Debug|Any CPU
		{13DC6124-B669-451C-BCCB-4EDF985527BC}.Debug|Any CPU.Build.0 = Debug|Any CPU
		{13DC6124-B669-451C-BCCB-4EDF985527BC}.Qa|Any CPU.ActiveCfg = Release|Any CPU
		{13DC6124-B669-451C-BCCB-4EDF985527BC}.Qa|Any CPU.Build.0 = Release|Any CPU
		{13DC6124-B669-451C-BCCB-4EDF985527BC}.Release|Any CPU.ActiveCfg = Release|Any CPU
		{13DC6124-B669-451C-BCCB-4EDF985527BC}.Release|Any CPU.Build.0 = Release|Any CPU
		{13DC6124-B669-451C-BCCB-4EDF985527BC}.Staging|Any CPU.ActiveCfg = Release|Any CPU
		{13DC6124-B669-451C-BCCB-4EDF985527BC}.Staging|Any CPU.Build.0 = Release|Any CPU
		{01FB8481-2537-4C31-84FB-D402B4EAE20F}.Debug|Any CPU.ActiveCfg = Debug|Any CPU
		{01FB8481-2537-4C31-84FB-D402B4EAE20F}.Debug|Any CPU.Build.0 = Debug|Any CPU
		{01FB8481-2537-4C31-84FB-D402B4EAE20F}.Qa|Any CPU.ActiveCfg = Release|Any CPU
		{01FB8481-2537-4C31-84FB-D402B4EAE20F}.Qa|Any CPU.Build.0 = Release|Any CPU
		{01FB8481-2537-4C31-84FB-D402B4EAE20F}.Release|Any CPU.ActiveCfg = Release|Any CPU
		{01FB8481-2537-4C31-84FB-D402B4EAE20F}.Release|Any CPU.Build.0 = Release|Any CPU
		{01FB8481-2537-4C31-84FB-D402B4EAE20F}.Staging|Any CPU.ActiveCfg = Release|Any CPU
		{01FB8481-2537-4C31-84FB-D402B4EAE20F}.Staging|Any CPU.Build.0 = Release|Any CPU
		{F015C257-057D-4F6E-A1AB-7691A9DF8E64}.Debug|Any CPU.ActiveCfg = Debug|Any CPU
		{F015C257-057D-4F6E-A1AB-7691A9DF8E64}.Debug|Any CPU.Build.0 = Debug|Any CPU
		{F015C257-057D-4F6E-A1AB-7691A9DF8E64}.Qa|Any CPU.ActiveCfg = Release|Any CPU
		{F015C257-057D-4F6E-A1AB-7691A9DF8E64}.Qa|Any CPU.Build.0 = Release|Any CPU
		{F015C257-057D-4F6E-A1AB-7691A9DF8E64}.Release|Any CPU.ActiveCfg = Release|Any CPU
		{F015C257-057D-4F6E-A1AB-7691A9DF8E64}.Release|Any CPU.Build.0 = Release|Any CPU
		{F015C257-057D-4F6E-A1AB-7691A9DF8E64}.Staging|Any CPU.ActiveCfg = Release|Any CPU
		{F015C257-057D-4F6E-A1AB-7691A9DF8E64}.Staging|Any CPU.Build.0 = Release|Any CPU
		{B5EFC032-43A4-4326-A42A-F365C763EFE8}.Debug|Any CPU.ActiveCfg = Debug|Any CPU
		{B5EFC032-43A4-4326-A42A-F365C763EFE8}.Debug|Any CPU.Build.0 = Debug|Any CPU
		{B5EFC032-43A4-4326-A42A-F365C763EFE8}.Qa|Any CPU.ActiveCfg = Release|Any CPU
		{B5EFC032-43A4-4326-A42A-F365C763EFE8}.Qa|Any CPU.Build.0 = Release|Any CPU
		{B5EFC032-43A4-4326-A42A-F365C763EFE8}.Release|Any CPU.ActiveCfg = Release|Any CPU
		{B5EFC032-43A4-4326-A42A-F365C763EFE8}.Release|Any CPU.Build.0 = Release|Any CPU
		{B5EFC032-43A4-4326-A42A-F365C763EFE8}.Staging|Any CPU.ActiveCfg = Release|Any CPU
		{B5EFC032-43A4-4326-A42A-F365C763EFE8}.Staging|Any CPU.Build.0 = Release|Any CPU
	EndGlobalSection
	GlobalSection(SolutionProperties) = preSolution
		HideSolutionNode = FALSE
	EndGlobalSection
	GlobalSection(NestedProjects) = preSolution
		{0F9C4606-7896-4839-90B9-4473D15DFAFB} = {B583E872-36DB-46DD-9DE1-C6F94431051C}
		{6B955EE7-2AC5-42E8-BA94-FE9EA2D49DDF} = {E8CDBE03-BC0D-400F-B6D0-CA65988B6256}
		{54F0B648-DB1E-45A4-BA1B-FEB0AF16023E} = {52BE2713-6BBA-4444-84FD-071746F7E980}
		{C425054B-80DF-4A15-A702-D0EEC1E65B98} = {52BE2713-6BBA-4444-84FD-071746F7E980}
		{E2D671F8-B13F-4775-AE1A-EAB1DFAA3C78} = {FB399BB1-FA04-4DB2-9CF1-0E23262FC884}
		{82C5647D-D8A6-46F6-9184-8AEABD51EDB6} = {52BE2713-6BBA-4444-84FD-071746F7E980}
		{1076F621-E398-451F-A9EF-2C379B847FB9} = {52BE2713-6BBA-4444-84FD-071746F7E980}
		{9A75E778-72A2-4DA0-9983-1032C90C515F} = {55DBC650-1BB0-40BF-BFB3-7C4D43BCD2F9}
		{110DFF89-33B1-4189-B89F-B522A6B2B088} = {55DBC650-1BB0-40BF-BFB3-7C4D43BCD2F9}
		{C99751E6-C57B-48AD-B02B-6482E21600A9} = {52BE2713-6BBA-4444-84FD-071746F7E980}
		{070F8D6F-737B-4503-8022-13954D52E752} = {55DBC650-1BB0-40BF-BFB3-7C4D43BCD2F9}
		{551CA3E7-EAD0-47CE-849C-750E3F7430ED} = {52BE2713-6BBA-4444-84FD-071746F7E980}
		{80F30C95-0E90-4622-9A8D-1BE39854900B} = {2CEEC39D-2A47-49FD-9962-CAF0C4E9EE66}
		{CE1598CB-ADFF-4F64-BBAD-6B16A29BAF8E} = {2CEEC39D-2A47-49FD-9962-CAF0C4E9EE66}
		{E1C65862-332E-4711-9F82-F21ACE089D79} = {52BE2713-6BBA-4444-84FD-071746F7E980}
		{AC76572D-0057-4BA4-BD9A-A7F030EF3BC0} = {FB399BB1-FA04-4DB2-9CF1-0E23262FC884}
		{C6C91865-BF77-4377-A93F-B3264317C1AB} = {52BE2713-6BBA-4444-84FD-071746F7E980}
		{4F64894D-E45E-46D2-B448-FF6CDB52EEE2} = {E8CDBE03-BC0D-400F-B6D0-CA65988B6256}
		{13DC6124-B669-451C-BCCB-4EDF985527BC} = {52BE2713-6BBA-4444-84FD-071746F7E980}
		{01FB8481-2537-4C31-84FB-D402B4EAE20F} = {E8CDBE03-BC0D-400F-B6D0-CA65988B6256}
		{F015C257-057D-4F6E-A1AB-7691A9DF8E64} = {52BE2713-6BBA-4444-84FD-071746F7E980}
		{B5EFC032-43A4-4326-A42A-F365C763EFE8} = {E8CDBE03-BC0D-400F-B6D0-CA65988B6256}
	EndGlobalSection
EndGlobal
